// !$*UTF8*$!
{
	archiveVersion = 1;
	classes = {
	};
	objectVersion = 56;
	objects = {

/* Begin PBXBuildFile section */
		5F2CC4E32C0B7BF900E86583 /* Publisher+Optionalize.swift in Sources */ = {isa = PBXBuildFile; fileRef = 5F2CC4E22C0B7BF900E86583 /* Publisher+Optionalize.swift */; };
		5F2CC4E52C0B912D00E86583 /* Constants.swift in Sources */ = {isa = PBXBuildFile; fileRef = 5F2CC4E42C0B912D00E86583 /* Constants.swift */; };
		5F2CC5042C0C8BA600E86583 /* Color+Hex.swift in Sources */ = {isa = PBXBuildFile; fileRef = 5F2CC5032C0C8BA600E86583 /* Color+Hex.swift */; };
		5F2CC5082C0CC15D00E86583 /* Date+Formatted.swift in Sources */ = {isa = PBXBuildFile; fileRef = 5F2CC5072C0CC15D00E86583 /* Date+Formatted.swift */; };
		5F2CC50A2C0CEF8E00E86583 /* String+ToDate.swift in Sources */ = {isa = PBXBuildFile; fileRef = 5F2CC5092C0CEF8E00E86583 /* String+ToDate.swift */; };
		5F7912362C0B4E2000CA4060 /* TicketSearchAppApp.swift in Sources */ = {isa = PBXBuildFile; fileRef = 5F7912352C0B4E2000CA4060 /* TicketSearchAppApp.swift */; };
		5F7912382C0B4E2000CA4060 /* HomeView.swift in Sources */ = {isa = PBXBuildFile; fileRef = 5F7912372C0B4E2000CA4060 /* HomeView.swift */; };
		5F79123A2C0B4E2200CA4060 /* Assets.xcassets in Resources */ = {isa = PBXBuildFile; fileRef = 5F7912392C0B4E2200CA4060 /* Assets.xcassets */; };
		5F79123D2C0B4E2200CA4060 /* Preview Assets.xcassets in Resources */ = {isa = PBXBuildFile; fileRef = 5F79123C2C0B4E2200CA4060 /* Preview Assets.xcassets */; };
		5F7912442C0B4E4100CA4060 /* Coordinator.swift in Sources */ = {isa = PBXBuildFile; fileRef = 5F7912432C0B4E4100CA4060 /* Coordinator.swift */; };
		5F7912462C0B51F800CA4060 /* SearchView.swift in Sources */ = {isa = PBXBuildFile; fileRef = 5F7912452C0B51F800CA4060 /* SearchView.swift */; };
		5F7912482C0B53DD00CA4060 /* TicketListView.swift in Sources */ = {isa = PBXBuildFile; fileRef = 5F7912472C0B53DD00CA4060 /* TicketListView.swift */; };
		5F79124A2C0B542900CA4060 /* SearchSheet.swift in Sources */ = {isa = PBXBuildFile; fileRef = 5F7912492C0B542900CA4060 /* SearchSheet.swift */; };
		5F79124C2C0B548D00CA4060 /* ContentView.swift in Sources */ = {isa = PBXBuildFile; fileRef = 5F79124B2C0B548D00CA4060 /* ContentView.swift */; };
		5F7912502C0B657200CA4060 /* NetworkManager.swift in Sources */ = {isa = PBXBuildFile; fileRef = 5F79124F2C0B657200CA4060 /* NetworkManager.swift */; };
		5F7912552C0B6F1800CA4060 /* HomeViewData.swift in Sources */ = {isa = PBXBuildFile; fileRef = 5F7912542C0B6F1800CA4060 /* HomeViewData.swift */; };
		5F7912572C0B6FC900CA4060 /* SearchViewData.swift in Sources */ = {isa = PBXBuildFile; fileRef = 5F7912562C0B6FC900CA4060 /* SearchViewData.swift */; };
		5F7912592C0B6FDC00CA4060 /* TicketListViewData.swift in Sources */ = {isa = PBXBuildFile; fileRef = 5F7912582C0B6FDC00CA4060 /* TicketListViewData.swift */; };
		5F79125B2C0B748D00CA4060 /* HomeViewModel.swift in Sources */ = {isa = PBXBuildFile; fileRef = 5F79125A2C0B748D00CA4060 /* HomeViewModel.swift */; };
		5F79125D2C0B74A400CA4060 /* SearchViewModel.swift in Sources */ = {isa = PBXBuildFile; fileRef = 5F79125C2C0B74A400CA4060 /* SearchViewModel.swift */; };
		5F79125F2C0B74BB00CA4060 /* TicketListViewModel.swift in Sources */ = {isa = PBXBuildFile; fileRef = 5F79125E2C0B74BB00CA4060 /* TicketListViewModel.swift */; };
		5F7912612C0B74CB00CA4060 /* SearchSheetViewModel.swift in Sources */ = {isa = PBXBuildFile; fileRef = 5F7912602C0B74CB00CA4060 /* SearchSheetViewModel.swift */; };
		5FC0A3232C0F52D800B1CE63 /* PlugView.swift in Sources */ = {isa = PBXBuildFile; fileRef = 5FC0A3222C0F52D800B1CE63 /* PlugView.swift */; };
		5FC0A3262C0F644700B1CE63 /* SFPRODISPLAYBLACKITALIC.OTF in Resources */ = {isa = PBXBuildFile; fileRef = 5F2CC4FE2C0B9C4B00E86583 /* SFPRODISPLAYBLACKITALIC.OTF */; };
		5FC0A3272C0F644900B1CE63 /* SFPRODISPLAYBOLD.OTF in Resources */ = {isa = PBXBuildFile; fileRef = 5F2CC4FD2C0B9C4B00E86583 /* SFPRODISPLAYBOLD.OTF */; };
		5FC0A3282C0F644C00B1CE63 /* SFPRODISPLAYHEAVYITALIC.OTF in Resources */ = {isa = PBXBuildFile; fileRef = 5F2CC5012C0B9C4B00E86583 /* SFPRODISPLAYHEAVYITALIC.OTF */; };
		5FC0A3292C0F644E00B1CE63 /* SFPRODISPLAYLIGHTITALIC.OTF in Resources */ = {isa = PBXBuildFile; fileRef = 5F2CC5002C0B9C4B00E86583 /* SFPRODISPLAYLIGHTITALIC.OTF */; };
		5FC0A32A2C0F645000B1CE63 /* SFPRODISPLAYMEDIUM.OTF in Resources */ = {isa = PBXBuildFile; fileRef = 5F2CC4FB2C0B9C4B00E86583 /* SFPRODISPLAYMEDIUM.OTF */; };
		5FC0A32B2C0F645200B1CE63 /* SFPRODISPLAYREGULAR.OTF in Resources */ = {isa = PBXBuildFile; fileRef = 5F2CC4FC2C0B9C4B00E86583 /* SFPRODISPLAYREGULAR.OTF */; };
		5FC0A32C2C0F645400B1CE63 /* SFPRODISPLAYSEMIBOLDITALIC.OTF in Resources */ = {isa = PBXBuildFile; fileRef = 5F2CC5022C0B9C4B00E86583 /* SFPRODISPLAYSEMIBOLDITALIC.OTF */; };
		5FC0A32D2C0F645600B1CE63 /* SFPRODISPLAYTHINITALIC.OTF in Resources */ = {isa = PBXBuildFile; fileRef = 5F2CC4FA2C0B9C4B00E86583 /* SFPRODISPLAYTHINITALIC.OTF */; };
		5FC0A32E2C0F645800B1CE63 /* SFPRODISPLAYULTRALIGHTITALIC.OTF in Resources */ = {isa = PBXBuildFile; fileRef = 5F2CC4FF2C0B9C4B00E86583 /* SFPRODISPLAYULTRALIGHTITALIC.OTF */; };
		5FC0A3322C0F7F5500B1CE63 /* Int + PriceFormatted.swift in Sources */ = {isa = PBXBuildFile; fileRef = 5FC0A3312C0F7F5500B1CE63 /* Int + PriceFormatted.swift */; };
		5FC0A3342C0F9B6800B1CE63 /* UserDataRepository.swift in Sources */ = {isa = PBXBuildFile; fileRef = 5FC0A3332C0F9B6800B1CE63 /* UserDataRepository.swift */; };
		5FEBD7CF2C0CF92C0085DDF9 /* TimeInterval+ToHours.swift in Sources */ = {isa = PBXBuildFile; fileRef = 5FEBD7CE2C0CF92C0085DDF9 /* TimeInterval+ToHours.swift */; };
		5FEBD7D12C0CFC180085DDF9 /* Double+Rounded.swift in Sources */ = {isa = PBXBuildFile; fileRef = 5FEBD7D02C0CFC180085DDF9 /* Double+Rounded.swift */; };
		5FF000A32C1214AF00570011 /* TextValidator.swift in Sources */ = {isa = PBXBuildFile; fileRef = 5FF000A22C1214AF00570011 /* TextValidator.swift */; };
/* End PBXBuildFile section */

/* Begin PBXFileReference section */
		5F2CC4E22C0B7BF900E86583 /* Publisher+Optionalize.swift */ = {isa = PBXFileReference; lastKnownFileType = sourcecode.swift; path = "Publisher+Optionalize.swift"; sourceTree = "<group>"; };
		5F2CC4E42C0B912D00E86583 /* Constants.swift */ = {isa = PBXFileReference; lastKnownFileType = sourcecode.swift; path = Constants.swift; sourceTree = "<group>"; };
		5F2CC4FA2C0B9C4B00E86583 /* SFPRODISPLAYTHINITALIC.OTF */ = {isa = PBXFileReference; lastKnownFileType = file; path = SFPRODISPLAYTHINITALIC.OTF; sourceTree = "<group>"; };
		5F2CC4FB2C0B9C4B00E86583 /* SFPRODISPLAYMEDIUM.OTF */ = {isa = PBXFileReference; lastKnownFileType = file; path = SFPRODISPLAYMEDIUM.OTF; sourceTree = "<group>"; };
		5F2CC4FC2C0B9C4B00E86583 /* SFPRODISPLAYREGULAR.OTF */ = {isa = PBXFileReference; lastKnownFileType = file; path = SFPRODISPLAYREGULAR.OTF; sourceTree = "<group>"; };
		5F2CC4FD2C0B9C4B00E86583 /* SFPRODISPLAYBOLD.OTF */ = {isa = PBXFileReference; lastKnownFileType = file; path = SFPRODISPLAYBOLD.OTF; sourceTree = "<group>"; };
		5F2CC4FE2C0B9C4B00E86583 /* SFPRODISPLAYBLACKITALIC.OTF */ = {isa = PBXFileReference; lastKnownFileType = file; path = SFPRODISPLAYBLACKITALIC.OTF; sourceTree = "<group>"; };
		5F2CC4FF2C0B9C4B00E86583 /* SFPRODISPLAYULTRALIGHTITALIC.OTF */ = {isa = PBXFileReference; lastKnownFileType = file; path = SFPRODISPLAYULTRALIGHTITALIC.OTF; sourceTree = "<group>"; };
		5F2CC5002C0B9C4B00E86583 /* SFPRODISPLAYLIGHTITALIC.OTF */ = {isa = PBXFileReference; lastKnownFileType = file; path = SFPRODISPLAYLIGHTITALIC.OTF; sourceTree = "<group>"; };
		5F2CC5012C0B9C4B00E86583 /* SFPRODISPLAYHEAVYITALIC.OTF */ = {isa = PBXFileReference; lastKnownFileType = file; path = SFPRODISPLAYHEAVYITALIC.OTF; sourceTree = "<group>"; };
		5F2CC5022C0B9C4B00E86583 /* SFPRODISPLAYSEMIBOLDITALIC.OTF */ = {isa = PBXFileReference; lastKnownFileType = file; path = SFPRODISPLAYSEMIBOLDITALIC.OTF; sourceTree = "<group>"; };
		5F2CC5032C0C8BA600E86583 /* Color+Hex.swift */ = {isa = PBXFileReference; lastKnownFileType = sourcecode.swift; path = "Color+Hex.swift"; sourceTree = "<group>"; };
		5F2CC5072C0CC15D00E86583 /* Date+Formatted.swift */ = {isa = PBXFileReference; lastKnownFileType = sourcecode.swift; path = "Date+Formatted.swift"; sourceTree = "<group>"; };
		5F2CC5092C0CEF8E00E86583 /* String+ToDate.swift */ = {isa = PBXFileReference; lastKnownFileType = sourcecode.swift; path = "String+ToDate.swift"; sourceTree = "<group>"; };
		5F7912322C0B4E2000CA4060 /* TicketSearchApp.app */ = {isa = PBXFileReference; explicitFileType = wrapper.application; includeInIndex = 0; path = TicketSearchApp.app; sourceTree = BUILT_PRODUCTS_DIR; };
		5F7912352C0B4E2000CA4060 /* TicketSearchAppApp.swift */ = {isa = PBXFileReference; lastKnownFileType = sourcecode.swift; path = TicketSearchAppApp.swift; sourceTree = "<group>"; };
		5F7912372C0B4E2000CA4060 /* HomeView.swift */ = {isa = PBXFileReference; lastKnownFileType = sourcecode.swift; path = HomeView.swift; sourceTree = "<group>"; };
		5F7912392C0B4E2200CA4060 /* Assets.xcassets */ = {isa = PBXFileReference; lastKnownFileType = folder.assetcatalog; path = Assets.xcassets; sourceTree = "<group>"; };
		5F79123C2C0B4E2200CA4060 /* Preview Assets.xcassets */ = {isa = PBXFileReference; lastKnownFileType = folder.assetcatalog; path = "Preview Assets.xcassets"; sourceTree = "<group>"; };
		5F7912432C0B4E4100CA4060 /* Coordinator.swift */ = {isa = PBXFileReference; lastKnownFileType = sourcecode.swift; path = Coordinator.swift; sourceTree = "<group>"; };
		5F7912452C0B51F800CA4060 /* SearchView.swift */ = {isa = PBXFileReference; lastKnownFileType = sourcecode.swift; path = SearchView.swift; sourceTree = "<group>"; };
		5F7912472C0B53DD00CA4060 /* TicketListView.swift */ = {isa = PBXFileReference; lastKnownFileType = sourcecode.swift; path = TicketListView.swift; sourceTree = "<group>"; };
		5F7912492C0B542900CA4060 /* SearchSheet.swift */ = {isa = PBXFileReference; lastKnownFileType = sourcecode.swift; path = SearchSheet.swift; sourceTree = "<group>"; };
		5F79124B2C0B548D00CA4060 /* ContentView.swift */ = {isa = PBXFileReference; lastKnownFileType = sourcecode.swift; path = ContentView.swift; sourceTree = "<group>"; };
		5F79124F2C0B657200CA4060 /* NetworkManager.swift */ = {isa = PBXFileReference; lastKnownFileType = sourcecode.swift; path = NetworkManager.swift; sourceTree = "<group>"; };
		5F7912542C0B6F1800CA4060 /* HomeViewData.swift */ = {isa = PBXFileReference; lastKnownFileType = sourcecode.swift; path = HomeViewData.swift; sourceTree = "<group>"; };
		5F7912562C0B6FC900CA4060 /* SearchViewData.swift */ = {isa = PBXFileReference; lastKnownFileType = sourcecode.swift; path = SearchViewData.swift; sourceTree = "<group>"; };
		5F7912582C0B6FDC00CA4060 /* TicketListViewData.swift */ = {isa = PBXFileReference; lastKnownFileType = sourcecode.swift; path = TicketListViewData.swift; sourceTree = "<group>"; };
		5F79125A2C0B748D00CA4060 /* HomeViewModel.swift */ = {isa = PBXFileReference; lastKnownFileType = sourcecode.swift; path = HomeViewModel.swift; sourceTree = "<group>"; };
		5F79125C2C0B74A400CA4060 /* SearchViewModel.swift */ = {isa = PBXFileReference; lastKnownFileType = sourcecode.swift; path = SearchViewModel.swift; sourceTree = "<group>"; };
		5F79125E2C0B74BB00CA4060 /* TicketListViewModel.swift */ = {isa = PBXFileReference; lastKnownFileType = sourcecode.swift; path = TicketListViewModel.swift; sourceTree = "<group>"; };
		5F7912602C0B74CB00CA4060 /* SearchSheetViewModel.swift */ = {isa = PBXFileReference; lastKnownFileType = sourcecode.swift; path = SearchSheetViewModel.swift; sourceTree = "<group>"; };
		5FC0A3222C0F52D800B1CE63 /* PlugView.swift */ = {isa = PBXFileReference; lastKnownFileType = sourcecode.swift; path = PlugView.swift; sourceTree = "<group>"; };
		5FC0A32F2C0F64F000B1CE63 /* Info.plist */ = {isa = PBXFileReference; lastKnownFileType = text.plist; path = Info.plist; sourceTree = "<group>"; };
		5FC0A3312C0F7F5500B1CE63 /* Int + PriceFormatted.swift */ = {isa = PBXFileReference; lastKnownFileType = sourcecode.swift; path = "Int + PriceFormatted.swift"; sourceTree = "<group>"; };
		5FC0A3332C0F9B6800B1CE63 /* UserDataRepository.swift */ = {isa = PBXFileReference; lastKnownFileType = sourcecode.swift; path = UserDataRepository.swift; sourceTree = "<group>"; };
		5FEBD7CE2C0CF92C0085DDF9 /* TimeInterval+ToHours.swift */ = {isa = PBXFileReference; lastKnownFileType = sourcecode.swift; path = "TimeInterval+ToHours.swift"; sourceTree = "<group>"; };
		5FEBD7D02C0CFC180085DDF9 /* Double+Rounded.swift */ = {isa = PBXFileReference; lastKnownFileType = sourcecode.swift; path = "Double+Rounded.swift"; sourceTree = "<group>"; };
		5FF000A22C1214AF00570011 /* TextValidator.swift */ = {isa = PBXFileReference; lastKnownFileType = sourcecode.swift; path = TextValidator.swift; sourceTree = "<group>"; };
/* End PBXFileReference section */

/* Begin PBXFrameworksBuildPhase section */
		5F79122F2C0B4E2000CA4060 /* Frameworks */ = {
			isa = PBXFrameworksBuildPhase;
			buildActionMask = 2147483647;
			files = (
			);
			runOnlyForDeploymentPostprocessing = 0;
		};
/* End PBXFrameworksBuildPhase section */

/* Begin PBXGroup section */
		5F2CC4E12C0B7BE000E86583 /* Extensions */ = {
			isa = PBXGroup;
			children = (
				5F2CC4E22C0B7BF900E86583 /* Publisher+Optionalize.swift */,
				5F2CC5032C0C8BA600E86583 /* Color+Hex.swift */,
				5F2CC5072C0CC15D00E86583 /* Date+Formatted.swift */,
				5F2CC5092C0CEF8E00E86583 /* String+ToDate.swift */,
				5FEBD7CE2C0CF92C0085DDF9 /* TimeInterval+ToHours.swift */,
				5FEBD7D02C0CFC180085DDF9 /* Double+Rounded.swift */,
				5FC0A3312C0F7F5500B1CE63 /* Int + PriceFormatted.swift */,
			);
			path = Extensions;
			sourceTree = "<group>";
		};
		5F2CC4E62C0B937000E86583 /* Support files */ = {
			isa = PBXGroup;
			children = (
				5F2CC4E72C0B93A400E86583 /* Font */,
				5F2CC4E42C0B912D00E86583 /* Constants.swift */,
				5F7912392C0B4E2200CA4060 /* Assets.xcassets */,
			);
			path = "Support files";
			sourceTree = "<group>";
		};
		5F2CC4E72C0B93A400E86583 /* Font */ = {
			isa = PBXGroup;
			children = (
				5F2CC4FE2C0B9C4B00E86583 /* SFPRODISPLAYBLACKITALIC.OTF */,
				5F2CC4FD2C0B9C4B00E86583 /* SFPRODISPLAYBOLD.OTF */,
				5F2CC5012C0B9C4B00E86583 /* SFPRODISPLAYHEAVYITALIC.OTF */,
				5F2CC5002C0B9C4B00E86583 /* SFPRODISPLAYLIGHTITALIC.OTF */,
				5F2CC4FB2C0B9C4B00E86583 /* SFPRODISPLAYMEDIUM.OTF */,
				5F2CC4FC2C0B9C4B00E86583 /* SFPRODISPLAYREGULAR.OTF */,
				5F2CC5022C0B9C4B00E86583 /* SFPRODISPLAYSEMIBOLDITALIC.OTF */,
				5F2CC4FA2C0B9C4B00E86583 /* SFPRODISPLAYTHINITALIC.OTF */,
				5F2CC4FF2C0B9C4B00E86583 /* SFPRODISPLAYULTRALIGHTITALIC.OTF */,
			);
			path = Font;
			sourceTree = "<group>";
		};
		5F7912292C0B4E2000CA4060 = {
			isa = PBXGroup;
			children = (
				5F7912342C0B4E2000CA4060 /* TicketSearchApp */,
				5F7912332C0B4E2000CA4060 /* Products */,
			);
			sourceTree = "<group>";
		};
		5F7912332C0B4E2000CA4060 /* Products */ = {
			isa = PBXGroup;
			children = (
				5F7912322C0B4E2000CA4060 /* TicketSearchApp.app */,
			);
			name = Products;
			sourceTree = "<group>";
		};
		5F7912342C0B4E2000CA4060 /* TicketSearchApp */ = {
			isa = PBXGroup;
			children = (
				5FC0A32F2C0F64F000B1CE63 /* Info.plist */,
				5F79124E2C0B656100CA4060 /* Managers */,
				5F7912522C0B6D1A00CA4060 /* Models */,
				5F79124D2C0B654C00CA4060 /* Views */,
				5F7912512C0B6D0100CA4060 /* ViewModels */,
				5F7912352C0B4E2000CA4060 /* TicketSearchAppApp.swift */,
				5F7912432C0B4E4100CA4060 /* Coordinator.swift */,
				5F2CC4E62C0B937000E86583 /* Support files */,
				5F2CC4E12C0B7BE000E86583 /* Extensions */,
				5FF000A12C12149E00570011 /* Utils */,
				5F79123B2C0B4E2200CA4060 /* Preview Content */,
			);
			path = TicketSearchApp;
			sourceTree = "<group>";
		};
		5F79123B2C0B4E2200CA4060 /* Preview Content */ = {
			isa = PBXGroup;
			children = (
				5F79123C2C0B4E2200CA4060 /* Preview Assets.xcassets */,
			);
			path = "Preview Content";
			sourceTree = "<group>";
		};
		5F79124D2C0B654C00CA4060 /* Views */ = {
			isa = PBXGroup;
			children = (
				5F79124B2C0B548D00CA4060 /* ContentView.swift */,
				5F7912372C0B4E2000CA4060 /* HomeView.swift */,
				5F7912492C0B542900CA4060 /* SearchSheet.swift */,
				5F7912452C0B51F800CA4060 /* SearchView.swift */,
				5F7912472C0B53DD00CA4060 /* TicketListView.swift */,
				5FC0A3222C0F52D800B1CE63 /* PlugView.swift */,
			);
			path = Views;
			sourceTree = "<group>";
		};
		5F79124E2C0B656100CA4060 /* Managers */ = {
			isa = PBXGroup;
			children = (
				5F79124F2C0B657200CA4060 /* NetworkManager.swift */,
				5FC0A3332C0F9B6800B1CE63 /* UserDataRepository.swift */,
			);
			path = Managers;
			sourceTree = "<group>";
		};
		5F7912512C0B6D0100CA4060 /* ViewModels */ = {
			isa = PBXGroup;
			children = (
				5F79125A2C0B748D00CA4060 /* HomeViewModel.swift */,
				5F7912602C0B74CB00CA4060 /* SearchSheetViewModel.swift */,
				5F79125C2C0B74A400CA4060 /* SearchViewModel.swift */,
				5F79125E2C0B74BB00CA4060 /* TicketListViewModel.swift */,
			);
			path = ViewModels;
			sourceTree = "<group>";
		};
		5F7912522C0B6D1A00CA4060 /* Models */ = {
			isa = PBXGroup;
			children = (
				5F7912532C0B6EED00CA4060 /* ServerResponses */,
			);
			path = Models;
			sourceTree = "<group>";
		};
		5F7912532C0B6EED00CA4060 /* ServerResponses */ = {
			isa = PBXGroup;
			children = (
				5F7912542C0B6F1800CA4060 /* HomeViewData.swift */,
				5F7912562C0B6FC900CA4060 /* SearchViewData.swift */,
				5F7912582C0B6FDC00CA4060 /* TicketListViewData.swift */,
			);
			path = ServerResponses;
			sourceTree = "<group>";
		};
		5FF000A12C12149E00570011 /* Utils */ = {
			isa = PBXGroup;
			children = (
				5FF000A22C1214AF00570011 /* TextValidator.swift */,
			);
			path = Utils;
			sourceTree = "<group>";
		};
/* End PBXGroup section */

/* Begin PBXNativeTarget section */
		5F7912312C0B4E2000CA4060 /* TicketSearchApp */ = {
			isa = PBXNativeTarget;
			buildConfigurationList = 5F7912402C0B4E2200CA4060 /* Build configuration list for PBXNativeTarget "TicketSearchApp" */;
			buildPhases = (
				5F79122E2C0B4E2000CA4060 /* Sources */,
				5F79122F2C0B4E2000CA4060 /* Frameworks */,
				5F7912302C0B4E2000CA4060 /* Resources */,
			);
			buildRules = (
			);
			dependencies = (
			);
			name = TicketSearchApp;
			productName = TicketSearchApp;
			productReference = 5F7912322C0B4E2000CA4060 /* TicketSearchApp.app */;
			productType = "com.apple.product-type.application";
		};
/* End PBXNativeTarget section */

/* Begin PBXProject section */
		5F79122A2C0B4E2000CA4060 /* Project object */ = {
			isa = PBXProject;
			attributes = {
				BuildIndependentTargetsInParallel = 1;
				LastSwiftUpdateCheck = 1510;
				LastUpgradeCheck = 1510;
				TargetAttributes = {
					5F7912312C0B4E2000CA4060 = {
						CreatedOnToolsVersion = 15.1;
					};
				};
			};
			buildConfigurationList = 5F79122D2C0B4E2000CA4060 /* Build configuration list for PBXProject "TicketSearchApp" */;
			compatibilityVersion = "Xcode 14.0";
			developmentRegion = en;
			hasScannedForEncodings = 0;
			knownRegions = (
				en,
				Base,
			);
			mainGroup = 5F7912292C0B4E2000CA4060;
			productRefGroup = 5F7912332C0B4E2000CA4060 /* Products */;
			projectDirPath = "";
			projectRoot = "";
			targets = (
				5F7912312C0B4E2000CA4060 /* TicketSearchApp */,
			);
		};
/* End PBXProject section */

/* Begin PBXResourcesBuildPhase section */
		5F7912302C0B4E2000CA4060 /* Resources */ = {
			isa = PBXResourcesBuildPhase;
			buildActionMask = 2147483647;
			files = (
				5FC0A32B2C0F645200B1CE63 /* SFPRODISPLAYREGULAR.OTF in Resources */,
				5FC0A32A2C0F645000B1CE63 /* SFPRODISPLAYMEDIUM.OTF in Resources */,
				5FC0A3282C0F644C00B1CE63 /* SFPRODISPLAYHEAVYITALIC.OTF in Resources */,
				5FC0A3272C0F644900B1CE63 /* SFPRODISPLAYBOLD.OTF in Resources */,
				5FC0A32D2C0F645600B1CE63 /* SFPRODISPLAYTHINITALIC.OTF in Resources */,
				5FC0A3292C0F644E00B1CE63 /* SFPRODISPLAYLIGHTITALIC.OTF in Resources */,
				5FC0A32E2C0F645800B1CE63 /* SFPRODISPLAYULTRALIGHTITALIC.OTF in Resources */,
				5F79123D2C0B4E2200CA4060 /* Preview Assets.xcassets in Resources */,
				5FC0A3262C0F644700B1CE63 /* SFPRODISPLAYBLACKITALIC.OTF in Resources */,
				5FC0A32C2C0F645400B1CE63 /* SFPRODISPLAYSEMIBOLDITALIC.OTF in Resources */,
				5F79123A2C0B4E2200CA4060 /* Assets.xcassets in Resources */,
			);
			runOnlyForDeploymentPostprocessing = 0;
		};
/* End PBXResourcesBuildPhase section */

/* Begin PBXSourcesBuildPhase section */
		5F79122E2C0B4E2000CA4060 /* Sources */ = {
			isa = PBXSourcesBuildPhase;
			buildActionMask = 2147483647;
			files = (
				5F7912592C0B6FDC00CA4060 /* TicketListViewData.swift in Sources */,
				5F2CC50A2C0CEF8E00E86583 /* String+ToDate.swift in Sources */,
				5F2CC4E52C0B912D00E86583 /* Constants.swift in Sources */,
				5F7912462C0B51F800CA4060 /* SearchView.swift in Sources */,
				5FC0A3322C0F7F5500B1CE63 /* Int + PriceFormatted.swift in Sources */,
				5F7912382C0B4E2000CA4060 /* HomeView.swift in Sources */,
				5F7912572C0B6FC900CA4060 /* SearchViewData.swift in Sources */,
				5F7912552C0B6F1800CA4060 /* HomeViewData.swift in Sources */,
				5F79125D2C0B74A400CA4060 /* SearchViewModel.swift in Sources */,
				5F79125F2C0B74BB00CA4060 /* TicketListViewModel.swift in Sources */,
				5F79124C2C0B548D00CA4060 /* ContentView.swift in Sources */,
				5FC0A3342C0F9B6800B1CE63 /* UserDataRepository.swift in Sources */,
				5F2CC5082C0CC15D00E86583 /* Date+Formatted.swift in Sources */,
				5F7912482C0B53DD00CA4060 /* TicketListView.swift in Sources */,
				5F79125B2C0B748D00CA4060 /* HomeViewModel.swift in Sources */,
				5F7912502C0B657200CA4060 /* NetworkManager.swift in Sources */,
				5FEBD7D12C0CFC180085DDF9 /* Double+Rounded.swift in Sources */,
				5FC0A3232C0F52D800B1CE63 /* PlugView.swift in Sources */,
				5F7912362C0B4E2000CA4060 /* TicketSearchAppApp.swift in Sources */,
				5F7912442C0B4E4100CA4060 /* Coordinator.swift in Sources */,
				5FEBD7CF2C0CF92C0085DDF9 /* TimeInterval+ToHours.swift in Sources */,
				5F2CC4E32C0B7BF900E86583 /* Publisher+Optionalize.swift in Sources */,
				5F79124A2C0B542900CA4060 /* SearchSheet.swift in Sources */,
				5F7912612C0B74CB00CA4060 /* SearchSheetViewModel.swift in Sources */,
				5F2CC5042C0C8BA600E86583 /* Color+Hex.swift in Sources */,
				5FF000A32C1214AF00570011 /* TextValidator.swift in Sources */,
			);
			runOnlyForDeploymentPostprocessing = 0;
		};
/* End PBXSourcesBuildPhase section */

/* Begin XCBuildConfiguration section */
		5F79123E2C0B4E2200CA4060 /* Debug */ = {
			isa = XCBuildConfiguration;
			buildSettings = {
				ALWAYS_SEARCH_USER_PATHS = NO;
				ASSETCATALOG_COMPILER_GENERATE_SWIFT_ASSET_SYMBOL_EXTENSIONS = YES;
				CLANG_ANALYZER_NONNULL = YES;
				CLANG_ANALYZER_NUMBER_OBJECT_CONVERSION = YES_AGGRESSIVE;
				CLANG_CXX_LANGUAGE_STANDARD = "gnu++20";
				CLANG_ENABLE_MODULES = YES;
				CLANG_ENABLE_OBJC_ARC = YES;
				CLANG_ENABLE_OBJC_WEAK = YES;
				CLANG_WARN_BLOCK_CAPTURE_AUTORELEASING = YES;
				CLANG_WARN_BOOL_CONVERSION = YES;
				CLANG_WARN_COMMA = YES;
				CLANG_WARN_CONSTANT_CONVERSION = YES;
				CLANG_WARN_DEPRECATED_OBJC_IMPLEMENTATIONS = YES;
				CLANG_WARN_DIRECT_OBJC_ISA_USAGE = YES_ERROR;
				CLANG_WARN_DOCUMENTATION_COMMENTS = YES;
				CLANG_WARN_EMPTY_BODY = YES;
				CLANG_WARN_ENUM_CONVERSION = YES;
				CLANG_WARN_INFINITE_RECURSION = YES;
				CLANG_WARN_INT_CONVERSION = YES;
				CLANG_WARN_NON_LITERAL_NULL_CONVERSION = YES;
				CLANG_WARN_OBJC_IMPLICIT_RETAIN_SELF = YES;
				CLANG_WARN_OBJC_LITERAL_CONVERSION = YES;
				CLANG_WARN_OBJC_ROOT_CLASS = YES_ERROR;
				CLANG_WARN_QUOTED_INCLUDE_IN_FRAMEWORK_HEADER = YES;
				CLANG_WARN_RANGE_LOOP_ANALYSIS = YES;
				CLANG_WARN_STRICT_PROTOTYPES = YES;
				CLANG_WARN_SUSPICIOUS_MOVE = YES;
				CLANG_WARN_UNGUARDED_AVAILABILITY = YES_AGGRESSIVE;
				CLANG_WARN_UNREACHABLE_CODE = YES;
				CLANG_WARN__DUPLICATE_METHOD_MATCH = YES;
				COPY_PHASE_STRIP = NO;
				DEBUG_INFORMATION_FORMAT = dwarf;
				ENABLE_STRICT_OBJC_MSGSEND = YES;
				ENABLE_TESTABILITY = YES;
				ENABLE_USER_SCRIPT_SANDBOXING = YES;
				GCC_C_LANGUAGE_STANDARD = gnu17;
				GCC_DYNAMIC_NO_PIC = NO;
				GCC_NO_COMMON_BLOCKS = YES;
				GCC_OPTIMIZATION_LEVEL = 0;
				GCC_PREPROCESSOR_DEFINITIONS = (
					"DEBUG=1",
					"$(inherited)",
				);
				GCC_WARN_64_TO_32_BIT_CONVERSION = YES;
				GCC_WARN_ABOUT_RETURN_TYPE = YES_ERROR;
				GCC_WARN_UNDECLARED_SELECTOR = YES;
				GCC_WARN_UNINITIALIZED_AUTOS = YES_AGGRESSIVE;
				GCC_WARN_UNUSED_FUNCTION = YES;
				GCC_WARN_UNUSED_VARIABLE = YES;
				IPHONEOS_DEPLOYMENT_TARGET = 17.2;
				LOCALIZATION_PREFERS_STRING_CATALOGS = YES;
				MTL_ENABLE_DEBUG_INFO = INCLUDE_SOURCE;
				MTL_FAST_MATH = YES;
				ONLY_ACTIVE_ARCH = YES;
				SDKROOT = iphoneos;
				SWIFT_ACTIVE_COMPILATION_CONDITIONS = "DEBUG $(inherited)";
				SWIFT_OPTIMIZATION_LEVEL = "-Onone";
			};
			name = Debug;
		};
		5F79123F2C0B4E2200CA4060 /* Release */ = {
			isa = XCBuildConfiguration;
			buildSettings = {
				ALWAYS_SEARCH_USER_PATHS = NO;
				ASSETCATALOG_COMPILER_GENERATE_SWIFT_ASSET_SYMBOL_EXTENSIONS = YES;
				CLANG_ANALYZER_NONNULL = YES;
				CLANG_ANALYZER_NUMBER_OBJECT_CONVERSION = YES_AGGRESSIVE;
				CLANG_CXX_LANGUAGE_STANDARD = "gnu++20";
				CLANG_ENABLE_MODULES = YES;
				CLANG_ENABLE_OBJC_ARC = YES;
				CLANG_ENABLE_OBJC_WEAK = YES;
				CLANG_WARN_BLOCK_CAPTURE_AUTORELEASING = YES;
				CLANG_WARN_BOOL_CONVERSION = YES;
				CLANG_WARN_COMMA = YES;
				CLANG_WARN_CONSTANT_CONVERSION = YES;
				CLANG_WARN_DEPRECATED_OBJC_IMPLEMENTATIONS = YES;
				CLANG_WARN_DIRECT_OBJC_ISA_USAGE = YES_ERROR;
				CLANG_WARN_DOCUMENTATION_COMMENTS = YES;
				CLANG_WARN_EMPTY_BODY = YES;
				CLANG_WARN_ENUM_CONVERSION = YES;
				CLANG_WARN_INFINITE_RECURSION = YES;
				CLANG_WARN_INT_CONVERSION = YES;
				CLANG_WARN_NON_LITERAL_NULL_CONVERSION = YES;
				CLANG_WARN_OBJC_IMPLICIT_RETAIN_SELF = YES;
				CLANG_WARN_OBJC_LITERAL_CONVERSION = YES;
				CLANG_WARN_OBJC_ROOT_CLASS = YES_ERROR;
				CLANG_WARN_QUOTED_INCLUDE_IN_FRAMEWORK_HEADER = YES;
				CLANG_WARN_RANGE_LOOP_ANALYSIS = YES;
				CLANG_WARN_STRICT_PROTOTYPES = YES;
				CLANG_WARN_SUSPICIOUS_MOVE = YES;
				CLANG_WARN_UNGUARDED_AVAILABILITY = YES_AGGRESSIVE;
				CLANG_WARN_UNREACHABLE_CODE = YES;
				CLANG_WARN__DUPLICATE_METHOD_MATCH = YES;
				COPY_PHASE_STRIP = NO;
				DEBUG_INFORMATION_FORMAT = "dwarf-with-dsym";
				ENABLE_NS_ASSERTIONS = NO;
				ENABLE_STRICT_OBJC_MSGSEND = YES;
				ENABLE_USER_SCRIPT_SANDBOXING = YES;
				GCC_C_LANGUAGE_STANDARD = gnu17;
				GCC_NO_COMMON_BLOCKS = YES;
				GCC_WARN_64_TO_32_BIT_CONVERSION = YES;
				GCC_WARN_ABOUT_RETURN_TYPE = YES_ERROR;
				GCC_WARN_UNDECLARED_SELECTOR = YES;
				GCC_WARN_UNINITIALIZED_AUTOS = YES_AGGRESSIVE;
				GCC_WARN_UNUSED_FUNCTION = YES;
				GCC_WARN_UNUSED_VARIABLE = YES;
				IPHONEOS_DEPLOYMENT_TARGET = 17.2;
				LOCALIZATION_PREFERS_STRING_CATALOGS = YES;
				MTL_ENABLE_DEBUG_INFO = NO;
				MTL_FAST_MATH = YES;
				SDKROOT = iphoneos;
				SWIFT_COMPILATION_MODE = wholemodule;
				VALIDATE_PRODUCT = YES;
			};
			name = Release;
		};
		5F7912412C0B4E2200CA4060 /* Debug */ = {
			isa = XCBuildConfiguration;
			buildSettings = {
				ASSETCATALOG_COMPILER_APPICON_NAME = AppIcon;
				ASSETCATALOG_COMPILER_GLOBAL_ACCENT_COLOR_NAME = AccentColor;
				CODE_SIGN_STYLE = Automatic;
				CURRENT_PROJECT_VERSION = 1;
				DEVELOPMENT_ASSET_PATHS = "\"TicketSearchApp/Preview Content\"";
				DEVELOPMENT_TEAM = PGXR3ZUCW4;
				ENABLE_PREVIEWS = YES;
				GENERATE_INFOPLIST_FILE = YES;
				INFOPLIST_FILE = TicketSearchApp/Info.plist;
				INFOPLIST_KEY_UIApplicationSceneManifest_Generation = YES;
				INFOPLIST_KEY_UIApplicationSupportsIndirectInputEvents = YES;
				INFOPLIST_KEY_UILaunchScreen_Generation = YES;
				INFOPLIST_KEY_UISupportedInterfaceOrientations_iPad = "UIInterfaceOrientationPortrait UIInterfaceOrientationPortraitUpsideDown UIInterfaceOrientationLandscapeLeft UIInterfaceOrientationLandscapeRight";
				INFOPLIST_KEY_UISupportedInterfaceOrientations_iPhone = "UIInterfaceOrientationPortrait UIInterfaceOrientationLandscapeLeft UIInterfaceOrientationLandscapeRight";
				LD_RUNPATH_SEARCH_PATHS = (
					"$(inherited)",
					"@executable_path/Frameworks",
				);
				MARKETING_VERSION = 1.0;
				PRODUCT_BUNDLE_IDENTIFIER = "-.TicketSearchApp";
				PRODUCT_NAME = "$(TARGET_NAME)";
				SWIFT_EMIT_LOC_STRINGS = YES;
				SWIFT_VERSION = 5.0;
				TARGETED_DEVICE_FAMILY = "1,2";
			};
			name = Debug;
		};
		5F7912422C0B4E2200CA4060 /* Release */ = {
			isa = XCBuildConfiguration;
			buildSettings = {
				ASSETCATALOG_COMPILER_APPICON_NAME = AppIcon;
				ASSETCATALOG_COMPILER_GLOBAL_ACCENT_COLOR_NAME = AccentColor;
				CODE_SIGN_STYLE = Automatic;
				CURRENT_PROJECT_VERSION = 1;
				DEVELOPMENT_ASSET_PATHS = "\"TicketSearchApp/Preview Content\"";
				DEVELOPMENT_TEAM = PGXR3ZUCW4;
				ENABLE_PREVIEWS = YES;
				GENERATE_INFOPLIST_FILE = YES;
				INFOPLIST_FILE = TicketSearchApp/Info.plist;
				INFOPLIST_KEY_UIApplicationSceneManifest_Generation = YES;
				INFOPLIST_KEY_UIApplicationSupportsIndirectInputEvents = YES;
				INFOPLIST_KEY_UILaunchScreen_Generation = YES;
				INFOPLIST_KEY_UISupportedInterfaceOrientations_iPad = "UIInterfaceOrientationPortrait UIInterfaceOrientationPortraitUpsideDown UIInterfaceOrientationLandscapeLeft UIInterfaceOrientationLandscapeRight";
				INFOPLIST_KEY_UISupportedInterfaceOrientations_iPhone = "UIInterfaceOrientationPortrait UIInterfaceOrientationLandscapeLeft UIInterfaceOrientationLandscapeRight";
				LD_RUNPATH_SEARCH_PATHS = (
					"$(inherited)",
					"@executable_path/Frameworks",
				);
				MARKETING_VERSION = 1.0;
				PRODUCT_BUNDLE_IDENTIFIER = "-.TicketSearchApp";
				PRODUCT_NAME = "$(TARGET_NAME)";
				SWIFT_EMIT_LOC_STRINGS = YES;
				SWIFT_VERSION = 5.0;
				TARGETED_DEVICE_FAMILY = "1,2";
			};
			name = Release;
		};
/* End XCBuildConfiguration section */

/* Begin XCConfigurationList section */
		5F79122D2C0B4E2000CA4060 /* Build configuration list for PBXProject "TicketSearchApp" */ = {
			isa = XCConfigurationList;
			buildConfigurations = (
				5F79123E2C0B4E2200CA4060 /* Debug */,
				5F79123F2C0B4E2200CA4060 /* Release */,
			);
			defaultConfigurationIsVisible = 0;
			defaultConfigurationName = Release;
		};
		5F7912402C0B4E2200CA4060 /* Build configuration list for PBXNativeTarget "TicketSearchApp" */ = {
			isa = XCConfigurationList;
			buildConfigurations = (
				5F7912412C0B4E2200CA4060 /* Debug */,
				5F7912422C0B4E2200CA4060 /* Release */,
			);
			defaultConfigurationIsVisible = 0;
			defaultConfigurationName = Release;
		};
/* End XCConfigurationList section */
	};
	rootObject = 5F79122A2C0B4E2000CA4060 /* Project object */;
}
